
Microsoft Visual Studio Solution File, Format Version 12.00
# Visual Studio Version 17
VisualStudioVersion = 17.14.36414.22 d17.14
MinimumVisualStudioVersion = 10.0.40219.1
Project("{FAE04EC0-301F-11D3-BF4B-00C04F79EFBC}") = "num1", "num1\num1.csproj", "{E49BF3CC-AF68-47B5-9813-2B88C0EB58C8}"
EndProject
Project("{FAE04EC0-301F-11D3-BF4B-00C04F79EFBC}") = "num2", "num2\num2.csproj", "{68336F96-8DA0-44D8-8167-02DEC33A005D}"
EndProject
Project("{FAE04EC0-301F-11D3-BF4B-00C04F79EFBC}") = "num3", "num3\num3.csproj", "{56BDA437-65F3-41EE-BD6C-C9A9D45DF483}"
EndProject
Global
	GlobalSection(SolutionConfigurationPlatforms) = preSolution
		Debug|Any CPU = Debug|Any CPU
		Release|Any CPU = Release|Any CPU
	EndGlobalSection
	GlobalSection(ProjectConfigurationPlatforms) = postSolution
		{E49BF3CC-AF68-47B5-9813-2B88C0EB58C8}.Debug|Any CPU.ActiveCfg = Debug|Any CPU
		{E49BF3CC-AF68-47B5-9813-2B88C0EB58C8}.Debug|Any CPU.Build.0 = Debug|Any CPU
		{E49BF3CC-AF68-47B5-9813-2B88C0EB58C8}.Release|Any CPU.ActiveCfg = Release|Any CPU
		{E49BF3CC-AF68-47B5-9813-2B88C0EB58C8}.Release|Any CPU.Build.0 = Release|Any CPU
		{68336F96-8DA0-44D8-8167-02DEC33A005D}.Debug|Any CPU.ActiveCfg = Debug|Any CPU
		{68336F96-8DA0-44D8-8167-02DEC33A005D}.Debug|Any CPU.Build.0 = Debug|Any CPU
		{68336F96-8DA0-44D8-8167-02DEC33A005D}.Release|Any CPU.ActiveCfg = Release|Any CPU
		{68336F96-8DA0-44D8-8167-02DEC33A005D}.Release|Any CPU.Build.0 = Release|Any CPU
		{56BDA437-65F3-41EE-BD6C-C9A9D45DF483}.Debug|Any CPU.ActiveCfg = Debug|Any CPU
		{56BDA437-65F3-41EE-BD6C-C9A9D45DF483}.Debug|Any CPU.Build.0 = Debug|Any CPU
		{56BDA437-65F3-41EE-BD6C-C9A9D45DF483}.Release|Any CPU.ActiveCfg = Release|Any CPU
		{56BDA437-65F3-41EE-BD6C-C9A9D45DF483}.Release|Any CPU.Build.0 = Release|Any CPU
	EndGlobalSection
	GlobalSection(SolutionProperties) = preSolution
		HideSolutionNode = FALSE
	EndGlobalSection
	GlobalSection(ExtensibilityGlobals) = postSolution
		SolutionGuid = {7601E1F5-707A-4CDE-823C-0220A4B273D8}
	EndGlobalSection
EndGlobal
